<?xml version="1.0" encoding="utf-8"?>
<Project ToolsVersion="4.0" xmlns="http://schemas.microsoft.com/developer/msbuild/2003">
  <ItemGroup>
    <CudaCompile Include="device_info.cu" />
    <CudaCompile Include="main.cu" />
    <CudaCompile Include="tools.cu" />
    <CudaCompile Include="tools_for_matrix_inverse.cu" />
    <CudaCompile Include="tools_for_more_gpu.cu" />
    <CudaCompile Include="single_block_single_gauss_inverse_gpu.cu" />
  </ItemGroup>
  <ItemGroup>
    <ClCompile Include="config_params.cpp" />
    <ClCompile Include="gauss_inverse_cpu.cpp" />
    <ClCompile Include="host_info.cpp" />
    <ClCompile Include="test.cpp" />
  </ItemGroup>
  <ItemGroup>
    <ClInclude Include="config_params.h" />
    <ClInclude Include="cyw_timer.h" />
    <ClInclude Include="def.h" />
    <ClInclude Include="device_info.h" />
    <ClInclude Include="gauss_inverse_cpu.h" />
    <ClInclude Include="host_info.h" />
    <ClInclude Include="test.h" />
    <ClInclude Include="tools.h" />
    <ClInclude Include="tools_for_matrix_inverse.h" />
    <ClInclude Include="tools_for_more_gpu.h" />
    <ClInclude Include="single_block_single_gauss_inverse_gpu.h" />
  </ItemGroup>
  <ItemGroup>
    <None Include="config.ini" />
  </ItemGroup>
  <ItemGroup>
    <Text Include="results_gpu.txt" />
  </ItemGroup>
</Project>